{
  "requires": true,
  "lockfileVersion": 1,
  "dependencies": {
    "vuepress-plugin-minimal-analytics": {
      "version": "0.1.4",
      "resolved": "https://registry.npmjs.org/vuepress-plugin-minimal-analytics/-/vuepress-plugin-minimal-analytics-0.1.4.tgz",
      "integrity": "sha512-f+Y4FYiafmxrhwQjaMeu6CFZo0BrKetMpF3X/wLMK7Sp5n7dWk0s8pBowgY82jgWZmn63PjYeaX+MTJhCqnmRg=="
    }
  }
}
